
Microsoft Visual Studio Solution File, Format Version 12.00
# Visual Studio 15
VisualStudioVersion = 15.0.27703.2047
MinimumVisualStudioVersion = 10.0.40219.1
Project("{FAE04EC0-301F-11D3-BF4B-00C04F79EFBC}") = "Clase06", "Clase06\Clase06.csproj", "{183E5CAD-541D-42FF-96C0-82AD0BA17CCF}"
EndProject
Global
	GlobalSection(SolutionConfigurationPlatforms) = preSolution
		Debug|Any CPU = Debug|Any CPU
		Release|Any CPU = Release|Any CPU
	EndGlobalSection
	GlobalSection(ProjectConfigurationPlatforms) = postSolution
		{183E5CAD-541D-42FF-96C0-82AD0BA17CCF}.Debug|Any CPU.ActiveCfg = Debug|Any CPU
		{183E5CAD-541D-42FF-96C0-82AD0BA17CCF}.Debug|Any CPU.Build.0 = Debug|Any CPU
		{183E5CAD-541D-42FF-96C0-82AD0BA17CCF}.Release|Any CPU.ActiveCfg = Release|Any CPU
		{183E5CAD-541D-42FF-96C0-82AD0BA17CCF}.Release|Any CPU.Build.0 = Release|Any CPU
	EndGlobalSection
	GlobalSection(SolutionProperties) = preSolution
		HideSolutionNode = FALSE
	EndGlobalSection
	GlobalSection(ExtensibilityGlobals) = postSolution
		SolutionGuid = {099EF52C-DFB2-4BAF-9E8B-16760DC7FC40}
	EndGlobalSection
EndGlobal
